<?xml version="1.0" encoding="UTF-8" standalone="yes" ?>
<CodeBlocks_project_file>
	<FileVersion major="1" minor="6" />
	<Project>
		<Option title="yhg" />
		<Option pch_mode="2" />
		<Option compiler="gcc" />
		<Build>
			<Target title="Debug">
				<Option output="bin/Debug/yhg" prefix_auto="1" extension_auto="1" />
				<Option object_output="obj/Debug/" />
				<Option type="1" />
				<Option compiler="gcc" />
				<Option parameters="-p 6111 -n 10" />
				<Compiler>
					<Add option="-g" />
				</Compiler>
			</Target>
			<Target title="Release">
				<Option output="bin/Release/yhg" prefix_auto="1" extension_auto="1" />
				<Option object_output="obj/Release/" />
				<Option type="1" />
				<Option compiler="gcc" />
				<Compiler>
					<Add option="-O2" />
				</Compiler>
				<Linker>
					<Add option="-s" />
				</Linker>
			</Target>
			<Target title="con_server">
				<Option output="bin/con_server/yhg" prefix_auto="1" extension_auto="1" />
				<Option working_dir="bin/con_server/" />
				<Option object_output="obj/con_server/" />
				<Option type="1" />
				<Option compiler="gcc" />
				<Compiler>
					<Add option="-O2" />
				</Compiler>
				<Linker>
					<Add option="-s" />
				</Linker>
			</Target>
		</Build>
		<Compiler>
			<Add option="-Wall" />
		</Compiler>
		<Unit filename="client.c">
			<Option compilerVar="CC" />
			<Option target="Debug" />
			<Option target="Release" />
		</Unit>
		<Unit filename="client.h" />
		<Unit filename="cmd.c">
			<Option compilerVar="CC" />
		</Unit>
		<Unit filename="cmd.h" />
		<Unit filename="cmd_handler.c">
			<Option compilerVar="CC" />
		</Unit>
		<Unit filename="cmd_handler.h" />
		<Unit filename="con_mng.c">
			<Option compilerVar="CC" />
		</Unit>
		<Unit filename="con_mng.h" />
		<Unit filename="con_server.c">
			<Option compilerVar="CC" />
		</Unit>
		<Unit filename="con_server.h" />
		<Unit filename="db_server.c">
			<Option compilerVar="CC" />
		</Unit>
		<Unit filename="db_server.h" />
		<Unit filename="defines.h" />
		<Unit filename="error.c">
			<Option compilerVar="CC" />
		</Unit>
		<Unit filename="error.h" />
		<Unit filename="game_mng.c">
			<Option compilerVar="CC" />
		</Unit>
		<Unit filename="game_mng.h" />
		<Unit filename="game_server.c">
			<Option compilerVar="CC" />
		</Unit>
		<Unit filename="game_server.h" />
		<Unit filename="log.c">
			<Option compilerVar="CC" />
		</Unit>
		<Unit filename="log.h" />
		<Unit filename="utils.c">
			<Option compilerVar="CC" />
		</Unit>
		<Unit filename="utils.h" />
		<Extensions>
			<code_completion />
			<debugger />
			<envvars />
		</Extensions>
	</Project>
</CodeBlocks_project_file>
